<Solution>
  <Folder Name="/localization/">
    <File Path="localization/de.json" />
    <File Path="localization/es.json" />
    <File Path="localization/it.json" />
    <File Path="localization/km-KH.json" />
    <File Path="localization/pt-BR.json" />
    <File Path="localization/pt.json" />
    <File Path="localization/ru-RU.json" />
    <File Path="localization/th-TH.json" />
    <File Path="localization/uk-UA.json" />
    <File Path="localization/zh-TW.json" />
  </Folder>
  <Folder Name="/src/">
    <Project Path="src/BootstrapBlazor.Server/BootstrapBlazor.Server.csproj" />
    <Project Path="src/BootstrapBlazor/BootstrapBlazor.csproj" />
  </Folder>
  <Folder Name="/test/">
    <Project Path="test/UniTest.Sass/UniTest.Sass.csproj" />
    <Project Path="test/UnitTest.Localization/UnitTest.Localization.csproj" />
    <Project Path="test/UnitTest/UnitTest.csproj" />
    <Project Path="test/UnitTestDocs/UnitTestDocs.csproj" />
  </Folder>
  <Folder Name="/tools/">
    <Project Path="tools/Benchmarks/UnitTest.Benchmarks.csproj" />
  </Folder>
</Solution>
