Microsoft Visual Studio Solution File, Format Version 12.00
# 17
VisualStudioVersion = 17.11.35327.3
MinimumVisualStudioVersion = 10.0.40219.1
Project("{FAE04EC0-301F-11D3-BF4B-00C04F79EFBC}") = "BlazorApp2", "BlazorApp2\BlazorApp2.csproj", "{3145BDB6-7801-4480-A930-21A9B137621F}"
EndProject
Global
	GlobalSection(SolutionConfigurationPlatforms) = preSolution
		Debug|Any CPU = Debug|Any CPU
		Release|Any CPU = Release|Any CPU
	EndGlobalSection
	GlobalSection(ProjectConfigurationPlatforms) = postSolution
		{3145BDB6-7801-4480-A930-21A9B137621F}.Debug|Any CPU.ActiveCfg = Debug|Any CPU
		{3145BDB6-7801-4480-A930-21A9B137621F}.Debug|Any CPU.Build.0 = Debug|Any CPU
		{3145BDB6-7801-4480-A930-21A9B137621F}.Release|Any CPU.ActiveCfg = Release|Any CPU
		{3145BDB6-7801-4480-A930-21A9B137621F}.Release|Any CPU.Build.0 = Release|Any CPU
	EndGlobalSection
	GlobalSection(SolutionProperties) = preSolution
		HideSolutionNode = FALSE
	EndGlobalSection
	GlobalSection(ExtensibilityGlobals) = postSolution
		SolutionGuid = {7C3BA4BF-6B7D-4098-973A-CA79826B29DB}
	EndGlobalSection
EndGlobal
